
Microsoft Visual Studio Solution File, Format Version 12.00
# Visual Studio Version 17
VisualStudioVersion = 17.9.34723.18
MinimumVisualStudioVersion = 10.0.40219.1
Project("{9A19103F-16F7-4668-BE54-9A1E7A4F7556}") = "TracksOnTracksOnTracks", "TracksOnTracksOnTracks.csproj", "{77F8C0CB-04A5-4EB0-B759-C608D4ED8E3E}"
EndProject
Global
	GlobalSection(SolutionConfigurationPlatforms) = preSolution
		Debug|Any CPU = Debug|Any CPU
		Release|Any CPU = Release|Any CPU
	EndGlobalSection
	GlobalSection(ProjectConfigurationPlatforms) = postSolution
		{77F8C0CB-04A5-4EB0-B759-C608D4ED8E3E}.Debug|Any CPU.ActiveCfg = Debug|Any CPU
		{77F8C0CB-04A5-4EB0-B759-C608D4ED8E3E}.Debug|Any CPU.Build.0 = Debug|Any CPU
		{77F8C0CB-04A5-4EB0-B759-C608D4ED8E3E}.Release|Any CPU.ActiveCfg = Release|Any CPU
		{77F8C0CB-04A5-4EB0-B759-C608D4ED8E3E}.Release|Any CPU.Build.0 = Release|Any CPU
	EndGlobalSection
	GlobalSection(SolutionProperties) = preSolution
		HideSolutionNode = FALSE
	EndGlobalSection
	GlobalSection(ExtensibilityGlobals) = postSolution
		SolutionGuid = {216FB623-112C-43F1-BC59-24E9F4B2FFF9}
	EndGlobalSection
EndGlobal
